
Microsoft Visual Studio Solution File, Format Version 12.00
# Visual Studio 14
VisualStudioVersion = 14.0.24720.0
MinimumVisualStudioVersion = 10.0.40219.1
Project("{2150E333-8FDC-42A3-9474-1A3956D46DE8}") = "ArcObject", "ArcObject", "{5400632E-3796-4DC8-9B2D-CF63A2DADCCB}"
EndProject
Project("{2150E333-8FDC-42A3-9474-1A3956D46DE8}") = "ArcPy", "ArcPy", "{75503257-EE32-41CE-A29E-3C12C6274155}"
EndProject
Project("{FAE04EC0-301F-11D3-BF4B-00C04F79EFBC}") = "ArcgisArcobjects", "ArcObject\UpdateRepresentation\ArcgisArcobjects.csproj", "{112BFEF1-7790-499F-9EA3-2690CE7947AB}"
EndProject
Project("{888888A0-9F3D-457C-B088-3A5042F75D52}") = "Simplify", "ArcPy\Simplify\Simplify.pyproj", "{B04DA927-0680-4537-B2A9-8C5CD71B7EA7}"
EndProject
Project("{888888A0-9F3D-457C-B088-3A5042F75D52}") = "DichNhaP", "ArcPy\DichNhaP\DichNhaP.pyproj", "{EF68A34B-DB1B-4202-B75F-A829ACDA8CC7}"
EndProject
Project("{FAE04EC0-301F-11D3-BF4B-00C04F79EFBC}") = "DichNhaP_Representation", "ArcObject\DichNhaP_Representation\DichNhaP_Representation.csproj", "{B09D568E-DC9A-4D1A-A39D-3B7F83C1E293}"
EndProject
Project("{FAE04EC0-301F-11D3-BF4B-00C04F79EFBC}") = "RepresentationUpdateRuleID", "ArcObject\RepresentationUpdateRuleID\RepresentationUpdateRuleID.csproj", "{ED91550E-717C-4979-8E30-6093DDBF98BA}"
EndProject
Project("{888888A0-9F3D-457C-B088-3A5042F75D52}") = "XoayCongThuyLoiPCauGiaoThongP", "ArcPy\XoayCongThuyLoiPCauGiaoThongP\XoayCongThuyLoiPCauGiaoThongP.pyproj", "{DE4D13B7-8987-4BB0-A073-74856F782F9D}"
EndProject
Project("{888888A0-9F3D-457C-B088-3A5042F75D52}") = "CreateDuongBinhDoPhu", "ArcPy\CreateDuongBinhDoPhu\CreateDuongBinhDoPhu.pyproj", "{39061A63-9912-496B-AE01-E390AD2DA2BB}"
EndProject
Project("{888888A0-9F3D-457C-B088-3A5042F75D52}") = "DuongBienGioiDiaGioi", "ArcPy\DuongBienGioiDiaGioi\DuongBienGioiDiaGioi.pyproj", "{AC435AAD-6035-492E-B833-75AC32341A7B}"
EndProject
Project("{888888A0-9F3D-457C-B088-3A5042F75D52}") = "RanhGioiPhuBeMat", "ArcPy\RanhGioiPhuBeMat\RanhGioiPhuBeMat.pyproj", "{0B8864C3-498F-40D6-8A9A-70D0DF5F8E44}"
EndProject
Project("{888888A0-9F3D-457C-B088-3A5042F75D52}") = "RepresentationUpdateRuleID", "ArcPy\RepresentationUpdateRuleID\RepresentationUpdateRuleID.pyproj", "{D35E0CFF-E903-4DDC-97C0-E5931EE96ABA}"
EndProject
Project("{888888A0-9F3D-457C-B088-3A5042F75D52}") = "SnapCongGiaoThong", "ArcPy\SnapCongGiaoThong\SnapCongGiaoThong.pyproj", "{514610B3-39A0-419B-AC85-5B3504005FF5}"
EndProject
Project("{888888A0-9F3D-457C-B088-3A5042F75D52}") = "SnapCongThuyLoi", "ArcPy\SnapCongThuyLoi\SnapCongThuyLoi.pyproj", "{8686F6B2-F306-4B77-A395-3AF30006669C}"
EndProject
Project("{888888A0-9F3D-457C-B088-3A5042F75D52}") = "SnapCauGiaoThong", "ArcPy\SnapCauGiaoThong\SnapCauGiaoThong.pyproj", "{CDC0B612-FD01-4981-B39A-A097993ED5B9}"
EndProject
Project("{888888A0-9F3D-457C-B088-3A5042F75D52}") = "DemoTime", "Test\DemoTime\DemoTime.pyproj", "{5BEC5ACE-63F5-4899-896B-4DEBD9260835}"
EndProject
Project("{888888A0-9F3D-457C-B088-3A5042F75D52}") = "XoayRepresentation", "ArcPy\XoayRepresentation\XoayRepresentation.pyproj", "{FE21C9D6-EC56-4B4B-8983-07ADFE590D08}"
EndProject
Project("{888888A0-9F3D-457C-B088-3A5042F75D52}") = "SnapTools", "ArcPy\SnapTools\SnapTools.pyproj", "{DBDA4C96-6CB1-41E2-85B5-E7F5346BA82F}"
EndProject
Project("{888888A0-9F3D-457C-B088-3A5042F75D52}") = "DichNhaPRep", "ArcPy\DichNhaPRep\DichNhaPRep.pyproj", "{A6D7CE60-CDAD-46B7-8B6B-3086452C5C26}"
EndProject
Project("{FAE04EC0-301F-11D3-BF4B-00C04F79EFBC}") = "TaoDuongBinhDoPhu", "ArcObject\TaoDuongBinhDoPhu\TaoDuongBinhDoPhu.csproj", "{2529A828-2C53-4BF1-AD91-07B8DFD2D6A1}"
EndProject
Project("{FAE04EC0-301F-11D3-BF4B-00C04F79EFBC}") = "SetEmptyShapeRepresentation", "ArcObject\SetEmptyShapeRepresentation\SetEmptyShapeRepresentation.csproj", "{63DD8CAB-FD7D-4B87-B1B9-435063A27A3D}"
EndProject
Project("{FAE04EC0-301F-11D3-BF4B-00C04F79EFBC}") = "UpdateShapeOverride", "ArcObject\UpdateShapeOverride\UpdateShapeOverride.csproj", "{A45BFD19-4590-4A8C-8851-C58BA56C9AD1}"
EndProject
Project("{888888A0-9F3D-457C-B088-3A5042F75D52}") = "CreateFeatureClassPointRemoveForLine", "ArcPy\CreateFeatureClassPointRemoveForLine\CreateFeatureClassPointRemoveForLine.pyproj", "{3AB07AC6-62CD-47FC-87C5-74D8DCFAD6C7}"
EndProject
Project("{FAE04EC0-301F-11D3-BF4B-00C04F79EFBC}") = "RemovePointOnLine", "ArcObject\RemovePointOnLine\RemovePointOnLine.csproj", "{F7F00403-9A44-40F2-854A-85D3556510FF}"
EndProject
Global
	GlobalSection(SolutionConfigurationPlatforms) = preSolution
		Debug|Any CPU = Debug|Any CPU
		Debug|x86 = Debug|x86
		Release|Any CPU = Release|Any CPU
		Release|x86 = Release|x86
	EndGlobalSection
	GlobalSection(ProjectConfigurationPlatforms) = postSolution
		{112BFEF1-7790-499F-9EA3-2690CE7947AB}.Debug|Any CPU.ActiveCfg = Debug|x86
		{112BFEF1-7790-499F-9EA3-2690CE7947AB}.Debug|x86.ActiveCfg = Debug|x86
		{112BFEF1-7790-499F-9EA3-2690CE7947AB}.Debug|x86.Build.0 = Debug|x86
		{112BFEF1-7790-499F-9EA3-2690CE7947AB}.Release|Any CPU.ActiveCfg = Release|x86
		{112BFEF1-7790-499F-9EA3-2690CE7947AB}.Release|x86.ActiveCfg = Release|x86
		{112BFEF1-7790-499F-9EA3-2690CE7947AB}.Release|x86.Build.0 = Release|x86
		{B04DA927-0680-4537-B2A9-8C5CD71B7EA7}.Debug|Any CPU.ActiveCfg = Debug|Any CPU
		{B04DA927-0680-4537-B2A9-8C5CD71B7EA7}.Debug|x86.ActiveCfg = Debug|Any CPU
		{B04DA927-0680-4537-B2A9-8C5CD71B7EA7}.Release|Any CPU.ActiveCfg = Release|Any CPU
		{B04DA927-0680-4537-B2A9-8C5CD71B7EA7}.Release|x86.ActiveCfg = Release|Any CPU
		{EF68A34B-DB1B-4202-B75F-A829ACDA8CC7}.Debug|Any CPU.ActiveCfg = Debug|Any CPU
		{EF68A34B-DB1B-4202-B75F-A829ACDA8CC7}.Debug|x86.ActiveCfg = Debug|Any CPU
		{EF68A34B-DB1B-4202-B75F-A829ACDA8CC7}.Debug|x86.Build.0 = Debug|Any CPU
		{EF68A34B-DB1B-4202-B75F-A829ACDA8CC7}.Release|Any CPU.ActiveCfg = Release|Any CPU
		{EF68A34B-DB1B-4202-B75F-A829ACDA8CC7}.Release|x86.ActiveCfg = Release|Any CPU
		{B09D568E-DC9A-4D1A-A39D-3B7F83C1E293}.Debug|Any CPU.ActiveCfg = Debug|x86
		{B09D568E-DC9A-4D1A-A39D-3B7F83C1E293}.Debug|x86.ActiveCfg = Debug|x86
		{B09D568E-DC9A-4D1A-A39D-3B7F83C1E293}.Debug|x86.Build.0 = Debug|x86
		{B09D568E-DC9A-4D1A-A39D-3B7F83C1E293}.Debug|x86.Deploy.0 = Debug|x86
		{B09D568E-DC9A-4D1A-A39D-3B7F83C1E293}.Release|Any CPU.ActiveCfg = Release|x86
		{B09D568E-DC9A-4D1A-A39D-3B7F83C1E293}.Release|x86.ActiveCfg = Release|x86
		{B09D568E-DC9A-4D1A-A39D-3B7F83C1E293}.Release|x86.Build.0 = Release|x86
		{ED91550E-717C-4979-8E30-6093DDBF98BA}.Debug|Any CPU.ActiveCfg = Debug|x86
		{ED91550E-717C-4979-8E30-6093DDBF98BA}.Debug|x86.ActiveCfg = Debug|x86
		{ED91550E-717C-4979-8E30-6093DDBF98BA}.Debug|x86.Build.0 = Debug|x86
		{ED91550E-717C-4979-8E30-6093DDBF98BA}.Release|Any CPU.ActiveCfg = Release|x86
		{ED91550E-717C-4979-8E30-6093DDBF98BA}.Release|x86.ActiveCfg = Release|x86
		{ED91550E-717C-4979-8E30-6093DDBF98BA}.Release|x86.Build.0 = Release|x86
		{DE4D13B7-8987-4BB0-A073-74856F782F9D}.Debug|Any CPU.ActiveCfg = Debug|Any CPU
		{DE4D13B7-8987-4BB0-A073-74856F782F9D}.Debug|x86.ActiveCfg = Debug|Any CPU
		{DE4D13B7-8987-4BB0-A073-74856F782F9D}.Release|Any CPU.ActiveCfg = Release|Any CPU
		{DE4D13B7-8987-4BB0-A073-74856F782F9D}.Release|x86.ActiveCfg = Release|Any CPU
		{39061A63-9912-496B-AE01-E390AD2DA2BB}.Debug|Any CPU.ActiveCfg = Debug|Any CPU
		{39061A63-9912-496B-AE01-E390AD2DA2BB}.Debug|x86.ActiveCfg = Debug|Any CPU
		{39061A63-9912-496B-AE01-E390AD2DA2BB}.Release|Any CPU.ActiveCfg = Release|Any CPU
		{39061A63-9912-496B-AE01-E390AD2DA2BB}.Release|x86.ActiveCfg = Release|Any CPU
		{AC435AAD-6035-492E-B833-75AC32341A7B}.Debug|Any CPU.ActiveCfg = Debug|Any CPU
		{AC435AAD-6035-492E-B833-75AC32341A7B}.Debug|x86.ActiveCfg = Debug|Any CPU
		{AC435AAD-6035-492E-B833-75AC32341A7B}.Release|Any CPU.ActiveCfg = Release|Any CPU
		{AC435AAD-6035-492E-B833-75AC32341A7B}.Release|x86.ActiveCfg = Release|Any CPU
		{0B8864C3-498F-40D6-8A9A-70D0DF5F8E44}.Debug|Any CPU.ActiveCfg = Debug|Any CPU
		{0B8864C3-498F-40D6-8A9A-70D0DF5F8E44}.Debug|x86.ActiveCfg = Debug|Any CPU
		{0B8864C3-498F-40D6-8A9A-70D0DF5F8E44}.Release|Any CPU.ActiveCfg = Release|Any CPU
		{0B8864C3-498F-40D6-8A9A-70D0DF5F8E44}.Release|x86.ActiveCfg = Release|Any CPU
		{D35E0CFF-E903-4DDC-97C0-E5931EE96ABA}.Debug|Any CPU.ActiveCfg = Debug|Any CPU
		{D35E0CFF-E903-4DDC-97C0-E5931EE96ABA}.Debug|x86.ActiveCfg = Debug|Any CPU
		{D35E0CFF-E903-4DDC-97C0-E5931EE96ABA}.Release|Any CPU.ActiveCfg = Release|Any CPU
		{D35E0CFF-E903-4DDC-97C0-E5931EE96ABA}.Release|x86.ActiveCfg = Release|Any CPU
		{514610B3-39A0-419B-AC85-5B3504005FF5}.Debug|Any CPU.ActiveCfg = Debug|Any CPU
		{514610B3-39A0-419B-AC85-5B3504005FF5}.Debug|x86.ActiveCfg = Debug|Any CPU
		{514610B3-39A0-419B-AC85-5B3504005FF5}.Release|Any CPU.ActiveCfg = Release|Any CPU
		{514610B3-39A0-419B-AC85-5B3504005FF5}.Release|x86.ActiveCfg = Release|Any CPU
		{8686F6B2-F306-4B77-A395-3AF30006669C}.Debug|Any CPU.ActiveCfg = Debug|Any CPU
		{8686F6B2-F306-4B77-A395-3AF30006669C}.Debug|x86.ActiveCfg = Debug|Any CPU
		{8686F6B2-F306-4B77-A395-3AF30006669C}.Release|Any CPU.ActiveCfg = Release|Any CPU
		{8686F6B2-F306-4B77-A395-3AF30006669C}.Release|x86.ActiveCfg = Release|Any CPU
		{CDC0B612-FD01-4981-B39A-A097993ED5B9}.Debug|Any CPU.ActiveCfg = Debug|Any CPU
		{CDC0B612-FD01-4981-B39A-A097993ED5B9}.Debug|x86.ActiveCfg = Debug|Any CPU
		{CDC0B612-FD01-4981-B39A-A097993ED5B9}.Release|Any CPU.ActiveCfg = Release|Any CPU
		{CDC0B612-FD01-4981-B39A-A097993ED5B9}.Release|x86.ActiveCfg = Release|Any CPU
		{5BEC5ACE-63F5-4899-896B-4DEBD9260835}.Debug|Any CPU.ActiveCfg = Debug|Any CPU
		{5BEC5ACE-63F5-4899-896B-4DEBD9260835}.Debug|x86.ActiveCfg = Debug|Any CPU
		{5BEC5ACE-63F5-4899-896B-4DEBD9260835}.Release|Any CPU.ActiveCfg = Release|Any CPU
		{5BEC5ACE-63F5-4899-896B-4DEBD9260835}.Release|x86.ActiveCfg = Release|Any CPU
		{FE21C9D6-EC56-4B4B-8983-07ADFE590D08}.Debug|Any CPU.ActiveCfg = Debug|Any CPU
		{FE21C9D6-EC56-4B4B-8983-07ADFE590D08}.Debug|x86.ActiveCfg = Debug|Any CPU
		{FE21C9D6-EC56-4B4B-8983-07ADFE590D08}.Release|Any CPU.ActiveCfg = Release|Any CPU
		{FE21C9D6-EC56-4B4B-8983-07ADFE590D08}.Release|x86.ActiveCfg = Release|Any CPU
		{DBDA4C96-6CB1-41E2-85B5-E7F5346BA82F}.Debug|Any CPU.ActiveCfg = Debug|Any CPU
		{DBDA4C96-6CB1-41E2-85B5-E7F5346BA82F}.Debug|x86.ActiveCfg = Debug|Any CPU
		{DBDA4C96-6CB1-41E2-85B5-E7F5346BA82F}.Release|Any CPU.ActiveCfg = Release|Any CPU
		{DBDA4C96-6CB1-41E2-85B5-E7F5346BA82F}.Release|x86.ActiveCfg = Release|Any CPU
		{A6D7CE60-CDAD-46B7-8B6B-3086452C5C26}.Debug|Any CPU.ActiveCfg = Debug|Any CPU
		{A6D7CE60-CDAD-46B7-8B6B-3086452C5C26}.Debug|x86.ActiveCfg = Debug|Any CPU
		{A6D7CE60-CDAD-46B7-8B6B-3086452C5C26}.Release|Any CPU.ActiveCfg = Release|Any CPU
		{A6D7CE60-CDAD-46B7-8B6B-3086452C5C26}.Release|x86.ActiveCfg = Release|Any CPU
		{2529A828-2C53-4BF1-AD91-07B8DFD2D6A1}.Debug|Any CPU.ActiveCfg = Debug|x86
		{2529A828-2C53-4BF1-AD91-07B8DFD2D6A1}.Debug|x86.ActiveCfg = Debug|x86
		{2529A828-2C53-4BF1-AD91-07B8DFD2D6A1}.Debug|x86.Build.0 = Debug|x86
		{2529A828-2C53-4BF1-AD91-07B8DFD2D6A1}.Release|Any CPU.ActiveCfg = Release|x86
		{2529A828-2C53-4BF1-AD91-07B8DFD2D6A1}.Release|x86.ActiveCfg = Release|x86
		{2529A828-2C53-4BF1-AD91-07B8DFD2D6A1}.Release|x86.Build.0 = Release|x86
		{63DD8CAB-FD7D-4B87-B1B9-435063A27A3D}.Debug|Any CPU.ActiveCfg = Debug|x86
		{63DD8CAB-FD7D-4B87-B1B9-435063A27A3D}.Debug|x86.ActiveCfg = Debug|x86
		{63DD8CAB-FD7D-4B87-B1B9-435063A27A3D}.Debug|x86.Build.0 = Debug|x86
		{63DD8CAB-FD7D-4B87-B1B9-435063A27A3D}.Release|Any CPU.ActiveCfg = Release|x86
		{63DD8CAB-FD7D-4B87-B1B9-435063A27A3D}.Release|x86.ActiveCfg = Release|x86
		{63DD8CAB-FD7D-4B87-B1B9-435063A27A3D}.Release|x86.Build.0 = Release|x86
		{A45BFD19-4590-4A8C-8851-C58BA56C9AD1}.Debug|Any CPU.ActiveCfg = Debug|x86
		{A45BFD19-4590-4A8C-8851-C58BA56C9AD1}.Debug|x86.ActiveCfg = Debug|x86
		{A45BFD19-4590-4A8C-8851-C58BA56C9AD1}.Debug|x86.Build.0 = Debug|x86
		{A45BFD19-4590-4A8C-8851-C58BA56C9AD1}.Release|Any CPU.ActiveCfg = Release|x86
		{A45BFD19-4590-4A8C-8851-C58BA56C9AD1}.Release|x86.ActiveCfg = Release|x86
		{A45BFD19-4590-4A8C-8851-C58BA56C9AD1}.Release|x86.Build.0 = Release|x86
		{3AB07AC6-62CD-47FC-87C5-74D8DCFAD6C7}.Debug|Any CPU.ActiveCfg = Debug|Any CPU
		{3AB07AC6-62CD-47FC-87C5-74D8DCFAD6C7}.Debug|x86.ActiveCfg = Debug|Any CPU
		{3AB07AC6-62CD-47FC-87C5-74D8DCFAD6C7}.Release|Any CPU.ActiveCfg = Release|Any CPU
		{3AB07AC6-62CD-47FC-87C5-74D8DCFAD6C7}.Release|x86.ActiveCfg = Release|Any CPU
		{F7F00403-9A44-40F2-854A-85D3556510FF}.Debug|Any CPU.ActiveCfg = Debug|x86
		{F7F00403-9A44-40F2-854A-85D3556510FF}.Debug|x86.ActiveCfg = Debug|x86
		{F7F00403-9A44-40F2-854A-85D3556510FF}.Debug|x86.Build.0 = Debug|x86
		{F7F00403-9A44-40F2-854A-85D3556510FF}.Release|Any CPU.ActiveCfg = Release|x86
		{F7F00403-9A44-40F2-854A-85D3556510FF}.Release|x86.ActiveCfg = Release|x86
		{F7F00403-9A44-40F2-854A-85D3556510FF}.Release|x86.Build.0 = Release|x86
	EndGlobalSection
	GlobalSection(SolutionProperties) = preSolution
		HideSolutionNode = FALSE
	EndGlobalSection
	GlobalSection(NestedProjects) = preSolution
		{112BFEF1-7790-499F-9EA3-2690CE7947AB} = {5400632E-3796-4DC8-9B2D-CF63A2DADCCB}
		{B04DA927-0680-4537-B2A9-8C5CD71B7EA7} = {75503257-EE32-41CE-A29E-3C12C6274155}
		{EF68A34B-DB1B-4202-B75F-A829ACDA8CC7} = {75503257-EE32-41CE-A29E-3C12C6274155}
		{B09D568E-DC9A-4D1A-A39D-3B7F83C1E293} = {5400632E-3796-4DC8-9B2D-CF63A2DADCCB}
		{ED91550E-717C-4979-8E30-6093DDBF98BA} = {5400632E-3796-4DC8-9B2D-CF63A2DADCCB}
		{DE4D13B7-8987-4BB0-A073-74856F782F9D} = {75503257-EE32-41CE-A29E-3C12C6274155}
		{39061A63-9912-496B-AE01-E390AD2DA2BB} = {75503257-EE32-41CE-A29E-3C12C6274155}
		{AC435AAD-6035-492E-B833-75AC32341A7B} = {75503257-EE32-41CE-A29E-3C12C6274155}
		{0B8864C3-498F-40D6-8A9A-70D0DF5F8E44} = {75503257-EE32-41CE-A29E-3C12C6274155}
		{D35E0CFF-E903-4DDC-97C0-E5931EE96ABA} = {75503257-EE32-41CE-A29E-3C12C6274155}
		{514610B3-39A0-419B-AC85-5B3504005FF5} = {75503257-EE32-41CE-A29E-3C12C6274155}
		{8686F6B2-F306-4B77-A395-3AF30006669C} = {75503257-EE32-41CE-A29E-3C12C6274155}
		{CDC0B612-FD01-4981-B39A-A097993ED5B9} = {75503257-EE32-41CE-A29E-3C12C6274155}
		{5BEC5ACE-63F5-4899-896B-4DEBD9260835} = {75503257-EE32-41CE-A29E-3C12C6274155}
		{FE21C9D6-EC56-4B4B-8983-07ADFE590D08} = {75503257-EE32-41CE-A29E-3C12C6274155}
		{DBDA4C96-6CB1-41E2-85B5-E7F5346BA82F} = {75503257-EE32-41CE-A29E-3C12C6274155}
		{A6D7CE60-CDAD-46B7-8B6B-3086452C5C26} = {75503257-EE32-41CE-A29E-3C12C6274155}
		{2529A828-2C53-4BF1-AD91-07B8DFD2D6A1} = {5400632E-3796-4DC8-9B2D-CF63A2DADCCB}
		{63DD8CAB-FD7D-4B87-B1B9-435063A27A3D} = {5400632E-3796-4DC8-9B2D-CF63A2DADCCB}
		{A45BFD19-4590-4A8C-8851-C58BA56C9AD1} = {5400632E-3796-4DC8-9B2D-CF63A2DADCCB}
		{3AB07AC6-62CD-47FC-87C5-74D8DCFAD6C7} = {75503257-EE32-41CE-A29E-3C12C6274155}
		{F7F00403-9A44-40F2-854A-85D3556510FF} = {5400632E-3796-4DC8-9B2D-CF63A2DADCCB}
	EndGlobalSection
EndGlobal
